
Microsoft Visual Studio Solution File, Format Version 12.00
# Visual Studio 14
VisualStudioVersion = 14.0.24720.0
MinimumVisualStudioVersion = 10.0.40219.1
Project("{FAE04EC0-301F-11D3-BF4B-00C04F79EFBC}") = "WpfApplication1", "WpfApplication1\WpfApplication1.csproj", "{BCF6B627-1190-4075-96A5-EC0BE3AB644A}"
EndProject
Global
	GlobalSection(SolutionConfigurationPlatforms) = preSolution
		Debug|Any CPU = Debug|Any CPU
		Release|Any CPU = Release|Any CPU
	EndGlobalSection
	GlobalSection(ProjectConfigurationPlatforms) = postSolution
		{BCF6B627-1190-4075-96A5-EC0BE3AB644A}.Debug|Any CPU.ActiveCfg = Debug|Any CPU
		{BCF6B627-1190-4075-96A5-EC0BE3AB644A}.Debug|Any CPU.Build.0 = Debug|Any CPU
		{BCF6B627-1190-4075-96A5-EC0BE3AB644A}.Release|Any CPU.ActiveCfg = Release|Any CPU
		{BCF6B627-1190-4075-96A5-EC0BE3AB644A}.Release|Any CPU.Build.0 = Release|Any CPU
	EndGlobalSection
	GlobalSection(SolutionProperties) = preSolution
		HideSolutionNode = FALSE
	EndGlobalSection
EndGlobal
